// !$*UTF8*$!
{
	archiveVersion = 1;
	classes = {
	};
	objectVersion = 48;
	objects = {

/* Begin PBXBuildFile section */
		846E26192796EB9800ED9E98 /* UIKit.framework in Frameworks */ = {isa = PBXBuildFile; fileRef = 846E26172796EB9100ED9E98 /* UIKit.framework */; };
		84F096BC2796C607003383FD /* AppDelegate.swift in Sources */ = {isa = PBXBuildFile; fileRef = 84F096BB2796C607003383FD /* AppDelegate.swift */; };
		84F096BE2796C607003383FD /* SceneDelegate.swift in Sources */ = {isa = PBXBuildFile; fileRef = 84F096BD2796C607003383FD /* SceneDelegate.swift */; };
		84F096C02796C607003383FD /* ViewController.swift in Sources */ = {isa = PBXBuildFile; fileRef = 84F096BF2796C607003383FD /* ViewController.swift */; };
		84F096C32796C607003383FD /* Main.storyboard in Resources */ = {isa = PBXBuildFile; fileRef = 84F096C12796C607003383FD /* Main.storyboard */; };
		84F096C52796C611003383FD /* Assets.xcassets in Resources */ = {isa = PBXBuildFile; fileRef = 84F096C42796C611003383FD /* Assets.xcassets */; };
		84F096C82796C611003383FD /* LaunchScreen.storyboard in Resources */ = {isa = PBXBuildFile; fileRef = 84F096C62796C611003383FD /* LaunchScreen.storyboard */; };
		84F096D02796CBE3003383FD /* SecondViewController.swift in Sources */ = {isa = PBXBuildFile; fileRef = 84F096CF2796CBE3003383FD /* SecondViewController.swift */; };
/* End PBXBuildFile section */

/* Begin PBXFileReference section */
		846E26172796EB9100ED9E98 /* UIKit.framework */ = {isa = PBXFileReference; lastKnownFileType = wrapper.framework; name = UIKit.framework; path = System/Library/Frameworks/UIKit.framework; sourceTree = SDKROOT; };
		84F096B82796C607003383FD /* GSD.app */ = {isa = PBXFileReference; explicitFileType = wrapper.application; includeInIndex = 0; path = GSD.app; sourceTree = BUILT_PRODUCTS_DIR; };
		84F096BB2796C607003383FD /* AppDelegate.swift */ = {isa = PBXFileReference; lastKnownFileType = sourcecode.swift; path = AppDelegate.swift; sourceTree = "<group>"; };
		84F096BD2796C607003383FD /* SceneDelegate.swift */ = {isa = PBXFileReference; lastKnownFileType = sourcecode.swift; path = SceneDelegate.swift; sourceTree = "<group>"; };
		84F096BF2796C607003383FD /* ViewController.swift */ = {isa = PBXFileReference; lastKnownFileType = sourcecode.swift; path = ViewController.swift; sourceTree = "<group>"; };
		84F096C22796C607003383FD /* Base */ = {isa = PBXFileReference; lastKnownFileType = file.storyboard; name = Base; path = Base.lproj/Main.storyboard; sourceTree = "<group>"; };
		84F096C42796C611003383FD /* Assets.xcassets */ = {isa = PBXFileReference; lastKnownFileType = folder.assetcatalog; path = Assets.xcassets; sourceTree = "<group>"; };
		84F096C72796C611003383FD /* Base */ = {isa = PBXFileReference; lastKnownFileType = file.storyboard; name = Base; path = Base.lproj/LaunchScreen.storyboard; sourceTree = "<group>"; };
		84F096C92796C611003383FD /* Info.plist */ = {isa = PBXFileReference; lastKnownFileType = text.plist.xml; path = Info.plist; sourceTree = "<group>"; };
		84F096CF2796CBE3003383FD /* SecondViewController.swift */ = {isa = PBXFileReference; lastKnownFileType = sourcecode.swift; path = SecondViewController.swift; sourceTree = "<group>"; };
/* End PBXFileReference section */

/* Begin PBXFrameworksBuildPhase section */
		84F096B52796C606003383FD /* Frameworks */ = {
			isa = PBXFrameworksBuildPhase;
			buildActionMask = 2147483647;
			files = (
				846E26192796EB9800ED9E98 /* UIKit.framework in Frameworks */,
			);
			runOnlyForDeploymentPostprocessing = 0;
		};
/* End PBXFrameworksBuildPhase section */

/* Begin PBXGroup section */
		846E26162796EB9100ED9E98 /* Frameworks */ = {
			isa = PBXGroup;
			children = (
				846E26172796EB9100ED9E98 /* UIKit.framework */,
			);
			name = Frameworks;
			sourceTree = "<group>";
		};
		84F096AF2796C606003383FD = {
			isa = PBXGroup;
			children = (
				84F096BA2796C607003383FD /* GSD */,
				84F096B92796C607003383FD /* Products */,
				846E26162796EB9100ED9E98 /* Frameworks */,
			);
			sourceTree = "<group>";
		};
		84F096B92796C607003383FD /* Products */ = {
			isa = PBXGroup;
			children = (
				84F096B82796C607003383FD /* GSD.app */,
			);
			name = Products;
			sourceTree = "<group>";
		};
		84F096BA2796C607003383FD /* GSD */ = {
			isa = PBXGroup;
			children = (
				84F096BB2796C607003383FD /* AppDelegate.swift */,
				84F096BD2796C607003383FD /* SceneDelegate.swift */,
				84F096BF2796C607003383FD /* ViewController.swift */,
				84F096C12796C607003383FD /* Main.storyboard */,
				84F096CF2796CBE3003383FD /* SecondViewController.swift */,
				84F096C42796C611003383FD /* Assets.xcassets */,
				84F096C62796C611003383FD /* LaunchScreen.storyboard */,
				84F096C92796C611003383FD /* Info.plist */,
			);
			path = GSD;
			sourceTree = "<group>";
		};
/* End PBXGroup section */

/* Begin PBXNativeTarget section */
		84F096B72796C606003383FD /* GSD */ = {
			isa = PBXNativeTarget;
			buildConfigurationList = 84F096CC2796C611003383FD /* Build configuration list for PBXNativeTarget "GSD" */;
			buildPhases = (
				84F096B42796C606003383FD /* Sources */,
				84F096B52796C606003383FD /* Frameworks */,
				84F096B62796C606003383FD /* Resources */,
			);
			buildRules = (
			);
			dependencies = (
			);
			name = GSD;
			productName = GSD;
			productReference = 84F096B82796C607003383FD /* GSD.app */;
			productType = "com.apple.product-type.application";
		};
/* End PBXNativeTarget section */

/* Begin PBXProject section */
		84F096B02796C606003383FD /* Project object */ = {
			isa = PBXProject;
			attributes = {
				LastSwiftUpdateCheck = 1140;
				LastUpgradeCheck = 1140;
				ORGANIZATIONNAME = Admin;
				TargetAttributes = {
					84F096B72796C606003383FD = {
						CreatedOnToolsVersion = 11.4;
						ProvisioningStyle = Automatic;
					};
				};
			};
			buildConfigurationList = 84F096B32796C606003383FD /* Build configuration list for PBXProject "GSD" */;
			compatibilityVersion = "Xcode 8.0";
			developmentRegion = en;
			hasScannedForEncodings = 0;
			knownRegions = (
				en,
				Base,
			);
			mainGroup = 84F096AF2796C606003383FD;
			productRefGroup = 84F096B92796C607003383FD /* Products */;
			projectDirPath = "";
			projectRoot = "";
			targets = (
				84F096B72796C606003383FD /* GSD */,
			);
		};
/* End PBXProject section */

/* Begin PBXResourcesBuildPhase section */
		84F096B62796C606003383FD /* Resources */ = {
			isa = PBXResourcesBuildPhase;
			buildActionMask = 2147483647;
			files = (
				84F096C82796C611003383FD /* LaunchScreen.storyboard in Resources */,
				84F096C52796C611003383FD /* Assets.xcassets in Resources */,
				84F096C32796C607003383FD /* Main.storyboard in Resources */,
			);
			runOnlyForDeploymentPostprocessing = 0;
		};
/* End PBXResourcesBuildPhase section */

/* Begin PBXSourcesBuildPhase section */
		84F096B42796C606003383FD /* Sources */ = {
			isa = PBXSourcesBuildPhase;
			buildActionMask = 2147483647;
			files = (
				84F096C02796C607003383FD /* ViewController.swift in Sources */,
				84F096D02796CBE3003383FD /* SecondViewController.swift in Sources */,
				84F096BC2796C607003383FD /* AppDelegate.swift in Sources */,
				84F096BE2796C607003383FD /* SceneDelegate.swift in Sources */,
			);
			runOnlyForDeploymentPostprocessing = 0;
		};
/* End PBXSourcesBuildPhase section */

/* Begin PBXVariantGroup section */
		84F096C12796C607003383FD /* Main.storyboard */ = {
			isa = PBXVariantGroup;
			children = (
				84F096C22796C607003383FD /* Base */,
			);
			name = Main.storyboard;
			sourceTree = "<group>";
		};
		84F096C62796C611003383FD /* LaunchScreen.storyboard */ = {
			isa = PBXVariantGroup;
			children = (
				84F096C72796C611003383FD /* Base */,
			);
			name = LaunchScreen.storyboard;
			sourceTree = "<group>";
		};
/* End PBXVariantGroup section */

/* Begin XCBuildConfiguration section */
		84F096CA2796C611003383FD /* Debug */ = {
			isa = XCBuildConfiguration;
			buildSettings = {
				ALWAYS_SEARCH_USER_PATHS = NO;
				CLANG_ANALYZER_NONNULL = YES;
				CLANG_ANALYZER_NUMBER_OBJECT_CONVERSION = YES_AGGRESSIVE;
				CLANG_CXX_LANGUAGE_STANDARD = "gnu++14";
				CLANG_CXX_LIBRARY = "libc++";
				CLANG_ENABLE_MODULES = YES;
				CLANG_ENABLE_OBJC_ARC = YES;
				CLANG_ENABLE_OBJC_WEAK = YES;
				CLANG_WARN_BLOCK_CAPTURE_AUTORELEASING = YES;
				CLANG_WARN_BOOL_CONVERSION = YES;
				CLANG_WARN_COMMA = YES;
				CLANG_WARN_CONSTANT_CONVERSION = YES;
				CLANG_WARN_DEPRECATED_OBJC_IMPLEMENTATIONS = YES;
				CLANG_WARN_DIRECT_OBJC_ISA_USAGE = YES_ERROR;
				CLANG_WARN_DOCUMENTATION_COMMENTS = YES;
				CLANG_WARN_EMPTY_BODY = YES;
				CLANG_WARN_ENUM_CONVERSION = YES;
				CLANG_WARN_INFINITE_RECURSION = YES;
				CLANG_WARN_INT_CONVERSION = YES;
				CLANG_WARN_NON_LITERAL_NULL_CONVERSION = YES;
				CLANG_WARN_OBJC_IMPLICIT_RETAIN_SELF = YES;
				CLANG_WARN_OBJC_LITERAL_CONVERSION = YES;
				CLANG_WARN_OBJC_ROOT_CLASS = YES_ERROR;
				CLANG_WARN_RANGE_LOOP_ANALYSIS = YES;
				CLANG_WARN_STRICT_PROTOTYPES = YES;
				CLANG_WARN_SUSPICIOUS_MOVE = YES;
				CLANG_WARN_UNGUARDED_AVAILABILITY = YES_AGGRESSIVE;
				CLANG_WARN_UNREACHABLE_CODE = YES;
				CLANG_WARN__DUPLICATE_METHOD_MATCH = YES;
				COPY_PHASE_STRIP = NO;
				DEBUG_INFORMATION_FORMAT = dwarf;
				ENABLE_STRICT_OBJC_MSGSEND = YES;
				ENABLE_TESTABILITY = YES;
				GCC_C_LANGUAGE_STANDARD = gnu11;
				GCC_DYNAMIC_NO_PIC = NO;
				GCC_NO_COMMON_BLOCKS = YES;
				GCC_OPTIMIZATION_LEVEL = 0;
				GCC_PREPROCESSOR_DEFINITIONS = (
					"DEBUG=1",
					"$(inherited)",
				);
				GCC_WARN_64_TO_32_BIT_CONVERSION = YES;
				GCC_WARN_ABOUT_RETURN_TYPE = YES_ERROR;
				GCC_WARN_UNDECLARED_SELECTOR = YES;
				GCC_WARN_UNINITIALIZED_AUTOS = YES_AGGRESSIVE;
				GCC_WARN_UNUSED_FUNCTION = YES;
				GCC_WARN_UNUSED_VARIABLE = YES;
				IPHONEOS_DEPLOYMENT_TARGET = 13.4;
				MTL_ENABLE_DEBUG_INFO = INCLUDE_SOURCE;
				MTL_FAST_MATH = YES;
				ONLY_ACTIVE_ARCH = YES;
				SDKROOT = iphoneos;
				SWIFT_ACTIVE_COMPILATION_CONDITIONS = DEBUG;
				SWIFT_OPTIMIZATION_LEVEL = "-Onone";
			};
			name = Debug;
		};
		84F096CB2796C611003383FD /* Release */ = {
			isa = XCBuildConfiguration;
			buildSettings = {
				ALWAYS_SEARCH_USER_PATHS = NO;
				CLANG_ANALYZER_NONNULL = YES;
				CLANG_ANALYZER_NUMBER_OBJECT_CONVERSION = YES_AGGRESSIVE;
				CLANG_CXX_LANGUAGE_STANDARD = "gnu++14";
				CLANG_CXX_LIBRARY = "libc++";
				CLANG_ENABLE_MODULES = YES;
				CLANG_ENABLE_OBJC_ARC = YES;
				CLANG_ENABLE_OBJC_WEAK = YES;
				CLANG_WARN_BLOCK_CAPTURE_AUTORELEASING = YES;
				CLANG_WARN_BOOL_CONVERSION = YES;
				CLANG_WARN_COMMA = YES;
				CLANG_WARN_CONSTANT_CONVERSION = YES;
				CLANG_WARN_DEPRECATED_OBJC_IMPLEMENTATIONS = YES;
				CLANG_WARN_DIRECT_OBJC_ISA_USAGE = YES_ERROR;
				CLANG_WARN_DOCUMENTATION_COMMENTS = YES;
				CLANG_WARN_EMPTY_BODY = YES;
				CLANG_WARN_ENUM_CONVERSION = YES;
				CLANG_WARN_INFINITE_RECURSION = YES;
				CLANG_WARN_INT_CONVERSION = YES;
				CLANG_WARN_NON_LITERAL_NULL_CONVERSION = YES;
				CLANG_WARN_OBJC_IMPLICIT_RETAIN_SELF = YES;
				CLANG_WARN_OBJC_LITERAL_CONVERSION = YES;
				CLANG_WARN_OBJC_ROOT_CLASS = YES_ERROR;
				CLANG_WARN_RANGE_LOOP_ANALYSIS = YES;
				CLANG_WARN_STRICT_PROTOTYPES = YES;
				CLANG_WARN_SUSPICIOUS_MOVE = YES;
				CLANG_WARN_UNGUARDED_AVAILABILITY = YES_AGGRESSIVE;
				CLANG_WARN_UNREACHABLE_CODE = YES;
				CLANG_WARN__DUPLICATE_METHOD_MATCH = YES;
				COPY_PHASE_STRIP = NO;
				DEBUG_INFORMATION_FORMAT = "dwarf-with-dsym";
				ENABLE_NS_ASSERTIONS = NO;
				ENABLE_STRICT_OBJC_MSGSEND = YES;
				GCC_C_LANGUAGE_STANDARD = gnu11;
				GCC_NO_COMMON_BLOCKS = YES;
				GCC_WARN_64_TO_32_BIT_CONVERSION = YES;
				GCC_WARN_ABOUT_RETURN_TYPE = YES_ERROR;
				GCC_WARN_UNDECLARED_SELECTOR = YES;
				GCC_WARN_UNINITIALIZED_AUTOS = YES_AGGRESSIVE;
				GCC_WARN_UNUSED_FUNCTION = YES;
				GCC_WARN_UNUSED_VARIABLE = YES;
				IPHONEOS_DEPLOYMENT_TARGET = 13.4;
				MTL_ENABLE_DEBUG_INFO = NO;
				MTL_FAST_MATH = YES;
				SDKROOT = iphoneos;
				SWIFT_OPTIMIZATION_LEVEL = "-Owholemodule";
				VALIDATE_PRODUCT = YES;
			};
			name = Release;
		};
		84F096CD2796C611003383FD /* Debug */ = {
			isa = XCBuildConfiguration;
			buildSettings = {
				ASSETCATALOG_COMPILER_APPICON_NAME = AppIcon;
				CODE_SIGN_STYLE = Automatic;
				DEVELOPMENT_TEAM = CLH9DBGCQ9;
				INFOPLIST_FILE = GSD/Info.plist;
				LD_RUNPATH_SEARCH_PATHS = "$(inherited) @executable_path/Frameworks";
				PRODUCT_BUNDLE_IDENTIFIER = Yevhen.GSD;
				PRODUCT_NAME = "$(TARGET_NAME)";
				SWIFT_VERSION = 5.0;
				TARGETED_DEVICE_FAMILY = "1,2";
			};
			name = Debug;
		};
		84F096CE2796C611003383FD /* Release */ = {
			isa = XCBuildConfiguration;
			buildSettings = {
				ASSETCATALOG_COMPILER_APPICON_NAME = AppIcon;
				CODE_SIGN_STYLE = Automatic;
				DEVELOPMENT_TEAM = CLH9DBGCQ9;
				INFOPLIST_FILE = GSD/Info.plist;
				LD_RUNPATH_SEARCH_PATHS = "$(inherited) @executable_path/Frameworks";
				PRODUCT_BUNDLE_IDENTIFIER = Yevhen.GSD;
				PRODUCT_NAME = "$(TARGET_NAME)";
				SWIFT_VERSION = 5.0;
				TARGETED_DEVICE_FAMILY = "1,2";
			};
			name = Release;
		};
/* End XCBuildConfiguration section */

/* Begin XCConfigurationList section */
		84F096B32796C606003383FD /* Build configuration list for PBXProject "GSD" */ = {
			isa = XCConfigurationList;
			buildConfigurations = (
				84F096CA2796C611003383FD /* Debug */,
				84F096CB2796C611003383FD /* Release */,
			);
			defaultConfigurationIsVisible = 0;
			defaultConfigurationName = Release;
		};
		84F096CC2796C611003383FD /* Build configuration list for PBXNativeTarget "GSD" */ = {
			isa = XCConfigurationList;
			buildConfigurations = (
				84F096CD2796C611003383FD /* Debug */,
				84F096CE2796C611003383FD /* Release */,
			);
			defaultConfigurationIsVisible = 0;
			defaultConfigurationName = Release;
		};
/* End XCConfigurationList section */
	};
	rootObject = 84F096B02796C606003383FD /* Project object */;
}
